
Microsoft Visual Studio Solution File, Format Version 12.00
# Visual Studio Version 17
VisualStudioVersion = 17.5.002.0
MinimumVisualStudioVersion = 10.0.40219.1
Project("{2150E333-8FDC-42A3-9474-1A3956D46DE8}") = "Session1", "Session1", "{8E873DB6-BE07-4E73-899D-776682DDE8EF}"
EndProject
Project("{9A19103F-16F7-4668-BE54-9A1E7A4F7556}") = "MyFirstCSApp", "Session1\MyFirstCSApp\MyFirstCSApp.csproj", "{0BE29C30-BAE0-41D4-83D4-A2858252AC1C}"
EndProject
Global
	GlobalSection(SolutionConfigurationPlatforms) = preSolution
		Debug|Any CPU = Debug|Any CPU
		Release|Any CPU = Release|Any CPU
	EndGlobalSection
	GlobalSection(ProjectConfigurationPlatforms) = postSolution
		{0BE29C30-BAE0-41D4-83D4-A2858252AC1C}.Debug|Any CPU.ActiveCfg = Debug|Any CPU
		{0BE29C30-BAE0-41D4-83D4-A2858252AC1C}.Debug|Any CPU.Build.0 = Debug|Any CPU
		{0BE29C30-BAE0-41D4-83D4-A2858252AC1C}.Release|Any CPU.ActiveCfg = Release|Any CPU
		{0BE29C30-BAE0-41D4-83D4-A2858252AC1C}.Release|Any CPU.Build.0 = Release|Any CPU
	EndGlobalSection
	GlobalSection(SolutionProperties) = preSolution
		HideSolutionNode = FALSE
	EndGlobalSection
	GlobalSection(NestedProjects) = preSolution
		{0BE29C30-BAE0-41D4-83D4-A2858252AC1C} = {8E873DB6-BE07-4E73-899D-776682DDE8EF}
	EndGlobalSection
	GlobalSection(ExtensibilityGlobals) = postSolution
		SolutionGuid = {935D283B-6ABB-4F10-85F7-A7A3F9DCCD1D}
	EndGlobalSection
EndGlobal
